// !$*UTF8*$!
{
	archiveVersion = 1;
	classes = {
	};
	objectVersion = 46;
	objects = {

/* Begin PBXBuildFile section */
		E26E05291A75B2CE004CAE18 /* AppDelegate.swift in Sources */ = {isa = PBXBuildFile; fileRef = E26E05281A75B2CE004CAE18 /* AppDelegate.swift */; };
		E26E052B1A75B2CE004CAE18 /* FirstViewController.swift in Sources */ = {isa = PBXBuildFile; fileRef = E26E052A1A75B2CE004CAE18 /* FirstViewController.swift */; };
		E26E052D1A75B2CE004CAE18 /* SecondViewController.swift in Sources */ = {isa = PBXBuildFile; fileRef = E26E052C1A75B2CE004CAE18 /* SecondViewController.swift */; };
		E26E05301A75B2CE004CAE18 /* Main.storyboard in Resources */ = {isa = PBXBuildFile; fileRef = E26E052E1A75B2CE004CAE18 /* Main.storyboard */; };
		E26E05321A75B2CE004CAE18 /* Images.xcassets in Resources */ = {isa = PBXBuildFile; fileRef = E26E05311A75B2CE004CAE18 /* Images.xcassets */; };
		E26E05351A75B2CE004CAE18 /* LaunchScreen.xib in Resources */ = {isa = PBXBuildFile; fileRef = E26E05331A75B2CE004CAE18 /* LaunchScreen.xib */; };
		E26E05411A75B2CE004CAE18 /* tabsTests.swift in Sources */ = {isa = PBXBuildFile; fileRef = E26E05401A75B2CE004CAE18 /* tabsTests.swift */; };
		E26E054B1A75B615004CAE18 /* ThirdViewController.swift in Sources */ = {isa = PBXBuildFile; fileRef = E26E054A1A75B615004CAE18 /* ThirdViewController.swift */; };
		E26E054D1A75C4BF004CAE18 /* LoginViewController.swift in Sources */ = {isa = PBXBuildFile; fileRef = E26E054C1A75C4BF004CAE18 /* LoginViewController.swift */; };
		E26E054F1A75C84D004CAE18 /* FacebookSDK.framework in Frameworks */ = {isa = PBXBuildFile; fileRef = E26E054E1A75C84D004CAE18 /* FacebookSDK.framework */; };
/* End PBXBuildFile section */

/* Begin PBXContainerItemProxy section */
		E26E053B1A75B2CE004CAE18 /* PBXContainerItemProxy */ = {
			isa = PBXContainerItemProxy;
			containerPortal = E26E051B1A75B2CE004CAE18 /* Project object */;
			proxyType = 1;
			remoteGlobalIDString = E26E05221A75B2CE004CAE18;
			remoteInfo = tabs;
		};
/* End PBXContainerItemProxy section */

/* Begin PBXFileReference section */
		E26E05231A75B2CE004CAE18 /* tabs.app */ = {isa = PBXFileReference; explicitFileType = wrapper.application; includeInIndex = 0; path = tabs.app; sourceTree = BUILT_PRODUCTS_DIR; };
		E26E05271A75B2CE004CAE18 /* Info.plist */ = {isa = PBXFileReference; lastKnownFileType = text.plist.xml; path = Info.plist; sourceTree = "<group>"; };
		E26E05281A75B2CE004CAE18 /* AppDelegate.swift */ = {isa = PBXFileReference; lastKnownFileType = sourcecode.swift; path = AppDelegate.swift; sourceTree = "<group>"; };
		E26E052A1A75B2CE004CAE18 /* FirstViewController.swift */ = {isa = PBXFileReference; lastKnownFileType = sourcecode.swift; path = FirstViewController.swift; sourceTree = "<group>"; };
		E26E052C1A75B2CE004CAE18 /* SecondViewController.swift */ = {isa = PBXFileReference; lastKnownFileType = sourcecode.swift; path = SecondViewController.swift; sourceTree = "<group>"; };
		E26E052F1A75B2CE004CAE18 /* Base */ = {isa = PBXFileReference; lastKnownFileType = file.storyboard; name = Base; path = Base.lproj/Main.storyboard; sourceTree = "<group>"; };
		E26E05311A75B2CE004CAE18 /* Images.xcassets */ = {isa = PBXFileReference; lastKnownFileType = folder.assetcatalog; path = Images.xcassets; sourceTree = "<group>"; };
		E26E05341A75B2CE004CAE18 /* Base */ = {isa = PBXFileReference; lastKnownFileType = file.xib; name = Base; path = Base.lproj/LaunchScreen.xib; sourceTree = "<group>"; };
		E26E053A1A75B2CE004CAE18 /* tabsTests.xctest */ = {isa = PBXFileReference; explicitFileType = wrapper.cfbundle; includeInIndex = 0; path = tabsTests.xctest; sourceTree = BUILT_PRODUCTS_DIR; };
		E26E053F1A75B2CE004CAE18 /* Info.plist */ = {isa = PBXFileReference; lastKnownFileType = text.plist.xml; path = Info.plist; sourceTree = "<group>"; };
		E26E05401A75B2CE004CAE18 /* tabsTests.swift */ = {isa = PBXFileReference; lastKnownFileType = sourcecode.swift; path = tabsTests.swift; sourceTree = "<group>"; };
		E26E054A1A75B615004CAE18 /* ThirdViewController.swift */ = {isa = PBXFileReference; fileEncoding = 4; lastKnownFileType = sourcecode.swift; path = ThirdViewController.swift; sourceTree = "<group>"; };
		E26E054C1A75C4BF004CAE18 /* LoginViewController.swift */ = {isa = PBXFileReference; fileEncoding = 4; lastKnownFileType = sourcecode.swift; path = LoginViewController.swift; sourceTree = "<group>"; };
		E26E054E1A75C84D004CAE18 /* FacebookSDK.framework */ = {isa = PBXFileReference; lastKnownFileType = wrapper.framework; name = FacebookSDK.framework; path = ../../../Documents/FacebookSDK/FacebookSDK.framework; sourceTree = "<group>"; };
		E26E05501A75C90D004CAE18 /* Bridging-Header.h */ = {isa = PBXFileReference; lastKnownFileType = sourcecode.c.h; path = "Bridging-Header.h"; sourceTree = "<group>"; };
/* End PBXFileReference section */

/* Begin PBXFrameworksBuildPhase section */
		E26E05201A75B2CE004CAE18 /* Frameworks */ = {
			isa = PBXFrameworksBuildPhase;
			buildActionMask = 2147483647;
			files = (
				E26E054F1A75C84D004CAE18 /* FacebookSDK.framework in Frameworks */,
			);
			runOnlyForDeploymentPostprocessing = 0;
		};
		E26E05371A75B2CE004CAE18 /* Frameworks */ = {
			isa = PBXFrameworksBuildPhase;
			buildActionMask = 2147483647;
			files = (
			);
			runOnlyForDeploymentPostprocessing = 0;
		};
/* End PBXFrameworksBuildPhase section */

/* Begin PBXGroup section */
		E26E051A1A75B2CE004CAE18 = {
			isa = PBXGroup;
			children = (
				E26E05501A75C90D004CAE18 /* Bridging-Header.h */,
				E26E05251A75B2CE004CAE18 /* tabs */,
				E26E053D1A75B2CE004CAE18 /* tabsTests */,
				E26E05241A75B2CE004CAE18 /* Products */,
				E26E054E1A75C84D004CAE18 /* FacebookSDK.framework */,
			);
			sourceTree = "<group>";
		};
		E26E05241A75B2CE004CAE18 /* Products */ = {
			isa = PBXGroup;
			children = (
				E26E05231A75B2CE004CAE18 /* tabs.app */,
				E26E053A1A75B2CE004CAE18 /* tabsTests.xctest */,
			);
			name = Products;
			sourceTree = "<group>";
		};
		E26E05251A75B2CE004CAE18 /* tabs */ = {
			isa = PBXGroup;
			children = (
				E26E05281A75B2CE004CAE18 /* AppDelegate.swift */,
				E26E052A1A75B2CE004CAE18 /* FirstViewController.swift */,
				E26E052C1A75B2CE004CAE18 /* SecondViewController.swift */,
				E26E052E1A75B2CE004CAE18 /* Main.storyboard */,
				E26E054C1A75C4BF004CAE18 /* LoginViewController.swift */,
				E26E054A1A75B615004CAE18 /* ThirdViewController.swift */,
				E26E05311A75B2CE004CAE18 /* Images.xcassets */,
				E26E05331A75B2CE004CAE18 /* LaunchScreen.xib */,
				E26E05261A75B2CE004CAE18 /* Supporting Files */,
			);
			path = tabs;
			sourceTree = "<group>";
		};
		E26E05261A75B2CE004CAE18 /* Supporting Files */ = {
			isa = PBXGroup;
			children = (
				E26E05271A75B2CE004CAE18 /* Info.plist */,
			);
			name = "Supporting Files";
			sourceTree = "<group>";
		};
		E26E053D1A75B2CE004CAE18 /* tabsTests */ = {
			isa = PBXGroup;
			children = (
				E26E05401A75B2CE004CAE18 /* tabsTests.swift */,
				E26E053E1A75B2CE004CAE18 /* Supporting Files */,
			);
			path = tabsTests;
			sourceTree = "<group>";
		};
		E26E053E1A75B2CE004CAE18 /* Supporting Files */ = {
			isa = PBXGroup;
			children = (
				E26E053F1A75B2CE004CAE18 /* Info.plist */,
			);
			name = "Supporting Files";
			sourceTree = "<group>";
		};
/* End PBXGroup section */

/* Begin PBXNativeTarget section */
		E26E05221A75B2CE004CAE18 /* tabs */ = {
			isa = PBXNativeTarget;
			buildConfigurationList = E26E05441A75B2CE004CAE18 /* Build configuration list for PBXNativeTarget "tabs" */;
			buildPhases = (
				E26E051F1A75B2CE004CAE18 /* Sources */,
				E26E05201A75B2CE004CAE18 /* Frameworks */,
				E26E05211A75B2CE004CAE18 /* Resources */,
			);
			buildRules = (
			);
			dependencies = (
			);
			name = tabs;
			productName = tabs;
			productReference = E26E05231A75B2CE004CAE18 /* tabs.app */;
			productType = "com.apple.product-type.application";
		};
		E26E05391A75B2CE004CAE18 /* tabsTests */ = {
			isa = PBXNativeTarget;
			buildConfigurationList = E26E05471A75B2CE004CAE18 /* Build configuration list for PBXNativeTarget "tabsTests" */;
			buildPhases = (
				E26E05361A75B2CE004CAE18 /* Sources */,
				E26E05371A75B2CE004CAE18 /* Frameworks */,
				E26E05381A75B2CE004CAE18 /* Resources */,
			);
			buildRules = (
			);
			dependencies = (
				E26E053C1A75B2CE004CAE18 /* PBXTargetDependency */,
			);
			name = tabsTests;
			productName = tabsTests;
			productReference = E26E053A1A75B2CE004CAE18 /* tabsTests.xctest */;
			productType = "com.apple.product-type.bundle.unit-test";
		};
/* End PBXNativeTarget section */

/* Begin PBXProject section */
		E26E051B1A75B2CE004CAE18 /* Project object */ = {
			isa = PBXProject;
			attributes = {
				LastUpgradeCheck = 0610;
				ORGANIZATIONNAME = "Joseph Fatora";
				TargetAttributes = {
					E26E05221A75B2CE004CAE18 = {
						CreatedOnToolsVersion = 6.1.1;
					};
					E26E05391A75B2CE004CAE18 = {
						CreatedOnToolsVersion = 6.1.1;
						TestTargetID = E26E05221A75B2CE004CAE18;
					};
				};
			};
			buildConfigurationList = E26E051E1A75B2CE004CAE18 /* Build configuration list for PBXProject "tabs" */;
			compatibilityVersion = "Xcode 3.2";
			developmentRegion = English;
			hasScannedForEncodings = 0;
			knownRegions = (
				en,
				Base,
			);
			mainGroup = E26E051A1A75B2CE004CAE18;
			productRefGroup = E26E05241A75B2CE004CAE18 /* Products */;
			projectDirPath = "";
			projectRoot = "";
			targets = (
				E26E05221A75B2CE004CAE18 /* tabs */,
				E26E05391A75B2CE004CAE18 /* tabsTests */,
			);
		};
/* End PBXProject section */

/* Begin PBXResourcesBuildPhase section */
		E26E05211A75B2CE004CAE18 /* Resources */ = {
			isa = PBXResourcesBuildPhase;
			buildActionMask = 2147483647;
			files = (
				E26E05301A75B2CE004CAE18 /* Main.storyboard in Resources */,
				E26E05351A75B2CE004CAE18 /* LaunchScreen.xib in Resources */,
				E26E05321A75B2CE004CAE18 /* Images.xcassets in Resources */,
			);
			runOnlyForDeploymentPostprocessing = 0;
		};
		E26E05381A75B2CE004CAE18 /* Resources */ = {
			isa = PBXResourcesBuildPhase;
			buildActionMask = 2147483647;
			files = (
			);
			runOnlyForDeploymentPostprocessing = 0;
		};
/* End PBXResourcesBuildPhase section */

/* Begin PBXSourcesBuildPhase section */
		E26E051F1A75B2CE004CAE18 /* Sources */ = {
			isa = PBXSourcesBuildPhase;
			buildActionMask = 2147483647;
			files = (
				E26E052D1A75B2CE004CAE18 /* SecondViewController.swift in Sources */,
				E26E05291A75B2CE004CAE18 /* AppDelegate.swift in Sources */,
				E26E054B1A75B615004CAE18 /* ThirdViewController.swift in Sources */,
				E26E054D1A75C4BF004CAE18 /* LoginViewController.swift in Sources */,
				E26E052B1A75B2CE004CAE18 /* FirstViewController.swift in Sources */,
			);
			runOnlyForDeploymentPostprocessing = 0;
		};
		E26E05361A75B2CE004CAE18 /* Sources */ = {
			isa = PBXSourcesBuildPhase;
			buildActionMask = 2147483647;
			files = (
				E26E05411A75B2CE004CAE18 /* tabsTests.swift in Sources */,
			);
			runOnlyForDeploymentPostprocessing = 0;
		};
/* End PBXSourcesBuildPhase section */

/* Begin PBXTargetDependency section */
		E26E053C1A75B2CE004CAE18 /* PBXTargetDependency */ = {
			isa = PBXTargetDependency;
			target = E26E05221A75B2CE004CAE18 /* tabs */;
			targetProxy = E26E053B1A75B2CE004CAE18 /* PBXContainerItemProxy */;
		};
/* End PBXTargetDependency section */

/* Begin PBXVariantGroup section */
		E26E052E1A75B2CE004CAE18 /* Main.storyboard */ = {
			isa = PBXVariantGroup;
			children = (
				E26E052F1A75B2CE004CAE18 /* Base */,
			);
			name = Main.storyboard;
			sourceTree = "<group>";
		};
		E26E05331A75B2CE004CAE18 /* LaunchScreen.xib */ = {
			isa = PBXVariantGroup;
			children = (
				E26E05341A75B2CE004CAE18 /* Base */,
			);
			name = LaunchScreen.xib;
			sourceTree = "<group>";
		};
/* End PBXVariantGroup section */

/* Begin XCBuildConfiguration section */
		E26E05421A75B2CE004CAE18 /* Debug */ = {
			isa = XCBuildConfiguration;
			buildSettings = {
				ALWAYS_SEARCH_USER_PATHS = NO;
				CLANG_CXX_LANGUAGE_STANDARD = "gnu++0x";
				CLANG_CXX_LIBRARY = "libc++";
				CLANG_ENABLE_MODULES = YES;
				CLANG_ENABLE_OBJC_ARC = YES;
				CLANG_WARN_BOOL_CONVERSION = YES;
				CLANG_WARN_CONSTANT_CONVERSION = YES;
				CLANG_WARN_DIRECT_OBJC_ISA_USAGE = YES_ERROR;
				CLANG_WARN_EMPTY_BODY = YES;
				CLANG_WARN_ENUM_CONVERSION = YES;
				CLANG_WARN_INT_CONVERSION = YES;
				CLANG_WARN_OBJC_ROOT_CLASS = YES_ERROR;
				CLANG_WARN_UNREACHABLE_CODE = YES;
				CLANG_WARN__DUPLICATE_METHOD_MATCH = YES;
				"CODE_SIGN_IDENTITY[sdk=iphoneos*]" = "iPhone Developer";
				COPY_PHASE_STRIP = NO;
				ENABLE_STRICT_OBJC_MSGSEND = YES;
				GCC_C_LANGUAGE_STANDARD = gnu99;
				GCC_DYNAMIC_NO_PIC = NO;
				GCC_OPTIMIZATION_LEVEL = 0;
				GCC_PREPROCESSOR_DEFINITIONS = (
					"DEBUG=1",
					"$(inherited)",
				);
				GCC_SYMBOLS_PRIVATE_EXTERN = NO;
				GCC_WARN_64_TO_32_BIT_CONVERSION = YES;
				GCC_WARN_ABOUT_RETURN_TYPE = YES_ERROR;
				GCC_WARN_UNDECLARED_SELECTOR = YES;
				GCC_WARN_UNINITIALIZED_AUTOS = YES_AGGRESSIVE;
				GCC_WARN_UNUSED_FUNCTION = YES;
				GCC_WARN_UNUSED_VARIABLE = YES;
				IPHONEOS_DEPLOYMENT_TARGET = 8.1;
				MTL_ENABLE_DEBUG_INFO = YES;
				ONLY_ACTIVE_ARCH = YES;
				SDKROOT = iphoneos;
				SWIFT_OPTIMIZATION_LEVEL = "-Onone";
				TARGETED_DEVICE_FAMILY = "1,2";
			};
			name = Debug;
		};
		E26E05431A75B2CE004CAE18 /* Release */ = {
			isa = XCBuildConfiguration;
			buildSettings = {
				ALWAYS_SEARCH_USER_PATHS = NO;
				CLANG_CXX_LANGUAGE_STANDARD = "gnu++0x";
				CLANG_CXX_LIBRARY = "libc++";
				CLANG_ENABLE_MODULES = YES;
				CLANG_ENABLE_OBJC_ARC = YES;
				CLANG_WARN_BOOL_CONVERSION = YES;
				CLANG_WARN_CONSTANT_CONVERSION = YES;
				CLANG_WARN_DIRECT_OBJC_ISA_USAGE = YES_ERROR;
				CLANG_WARN_EMPTY_BODY = YES;
				CLANG_WARN_ENUM_CONVERSION = YES;
				CLANG_WARN_INT_CONVERSION = YES;
				CLANG_WARN_OBJC_ROOT_CLASS = YES_ERROR;
				CLANG_WARN_UNREACHABLE_CODE = YES;
				CLANG_WARN__DUPLICATE_METHOD_MATCH = YES;
				"CODE_SIGN_IDENTITY[sdk=iphoneos*]" = "iPhone Developer";
				COPY_PHASE_STRIP = YES;
				ENABLE_NS_ASSERTIONS = NO;
				ENABLE_STRICT_OBJC_MSGSEND = YES;
				GCC_C_LANGUAGE_STANDARD = gnu99;
				GCC_WARN_64_TO_32_BIT_CONVERSION = YES;
				GCC_WARN_ABOUT_RETURN_TYPE = YES_ERROR;
				GCC_WARN_UNDECLARED_SELECTOR = YES;
				GCC_WARN_UNINITIALIZED_AUTOS = YES_AGGRESSIVE;
				GCC_WARN_UNUSED_FUNCTION = YES;
				GCC_WARN_UNUSED_VARIABLE = YES;
				IPHONEOS_DEPLOYMENT_TARGET = 8.1;
				MTL_ENABLE_DEBUG_INFO = NO;
				SDKROOT = iphoneos;
				TARGETED_DEVICE_FAMILY = "1,2";
				VALIDATE_PRODUCT = YES;
			};
			name = Release;
		};
		E26E05451A75B2CE004CAE18 /* Debug */ = {
			isa = XCBuildConfiguration;
			buildSettings = {
				ASSETCATALOG_COMPILER_APPICON_NAME = AppIcon;
				FRAMEWORK_SEARCH_PATHS = (
					"$(inherited)",
					/Users/jfatora/Documents/FacebookSDK,
				);
				INFOPLIST_FILE = tabs/Info.plist;
				LD_RUNPATH_SEARCH_PATHS = "$(inherited) @executable_path/Frameworks";
				PRODUCT_NAME = "$(TARGET_NAME)";
				"SWIFT_OBJC_BRIDGING_HEADER[arch=*]" = "Bridging-Header.h";
			};
			name = Debug;
		};
		E26E05461A75B2CE004CAE18 /* Release */ = {
			isa = XCBuildConfiguration;
			buildSettings = {
				ASSETCATALOG_COMPILER_APPICON_NAME = AppIcon;
				FRAMEWORK_SEARCH_PATHS = (
					"$(inherited)",
					/Users/jfatora/Documents/FacebookSDK,
				);
				INFOPLIST_FILE = tabs/Info.plist;
				LD_RUNPATH_SEARCH_PATHS = "$(inherited) @executable_path/Frameworks";
				PRODUCT_NAME = "$(TARGET_NAME)";
			};
			name = Release;
		};
		E26E05481A75B2CE004CAE18 /* Debug */ = {
			isa = XCBuildConfiguration;
			buildSettings = {
				BUNDLE_LOADER = "$(TEST_HOST)";
				FRAMEWORK_SEARCH_PATHS = (
					"$(SDKROOT)/Developer/Library/Frameworks",
					"$(inherited)",
				);
				GCC_PREPROCESSOR_DEFINITIONS = (
					"DEBUG=1",
					"$(inherited)",
				);
				INFOPLIST_FILE = tabsTests/Info.plist;
				LD_RUNPATH_SEARCH_PATHS = "$(inherited) @executable_path/Frameworks @loader_path/Frameworks";
				PRODUCT_NAME = "$(TARGET_NAME)";
				TEST_HOST = "$(BUILT_PRODUCTS_DIR)/tabs.app/tabs";
			};
			name = Debug;
		};
		E26E05491A75B2CE004CAE18 /* Release */ = {
			isa = XCBuildConfiguration;
			buildSettings = {
				BUNDLE_LOADER = "$(TEST_HOST)";
				FRAMEWORK_SEARCH_PATHS = (
					"$(SDKROOT)/Developer/Library/Frameworks",
					"$(inherited)",
				);
				INFOPLIST_FILE = tabsTests/Info.plist;
				LD_RUNPATH_SEARCH_PATHS = "$(inherited) @executable_path/Frameworks @loader_path/Frameworks";
				PRODUCT_NAME = "$(TARGET_NAME)";
				TEST_HOST = "$(BUILT_PRODUCTS_DIR)/tabs.app/tabs";
			};
			name = Release;
		};
/* End XCBuildConfiguration section */

/* Begin XCConfigurationList section */
		E26E051E1A75B2CE004CAE18 /* Build configuration list for PBXProject "tabs" */ = {
			isa = XCConfigurationList;
			buildConfigurations = (
				E26E05421A75B2CE004CAE18 /* Debug */,
				E26E05431A75B2CE004CAE18 /* Release */,
			);
			defaultConfigurationIsVisible = 0;
			defaultConfigurationName = Release;
		};
		E26E05441A75B2CE004CAE18 /* Build configuration list for PBXNativeTarget "tabs" */ = {
			isa = XCConfigurationList;
			buildConfigurations = (
				E26E05451A75B2CE004CAE18 /* Debug */,
				E26E05461A75B2CE004CAE18 /* Release */,
			);
			defaultConfigurationIsVisible = 0;
		};
		E26E05471A75B2CE004CAE18 /* Build configuration list for PBXNativeTarget "tabsTests" */ = {
			isa = XCConfigurationList;
			buildConfigurations = (
				E26E05481A75B2CE004CAE18 /* Debug */,
				E26E05491A75B2CE004CAE18 /* Release */,
			);
			defaultConfigurationIsVisible = 0;
		};
/* End XCConfigurationList section */
	};
	rootObject = E26E051B1A75B2CE004CAE18 /* Project object */;
}
